
Microsoft Visual Studio Solution File, Format Version 11.00
# Visual Studio 2010
Project("{FAE04EC0-301F-11D3-BF4B-00C04F79EFBC}") = "Processing.NET", "Processing.NET\Processing.NET.csproj", "{0A8E6362-6DAD-4F91-ACA4-9A58CE3FBDF1}"
EndProject
Project("{FAE04EC0-301F-11D3-BF4B-00C04F79EFBC}") = "TestProject", "TestProject\TestProject.csproj", "{920734B8-017F-4DB0-B496-204352916632}"
EndProject
Global
	GlobalSection(SolutionConfigurationPlatforms) = preSolution
		Debug|x86 = Debug|x86
		Release|x86 = Release|x86
	EndGlobalSection
	GlobalSection(ProjectConfigurationPlatforms) = postSolution
		{0A8E6362-6DAD-4F91-ACA4-9A58CE3FBDF1}.Debug|x86.ActiveCfg = Debug|x86
		{0A8E6362-6DAD-4F91-ACA4-9A58CE3FBDF1}.Debug|x86.Build.0 = Debug|x86
		{0A8E6362-6DAD-4F91-ACA4-9A58CE3FBDF1}.Release|x86.ActiveCfg = Release|x86
		{0A8E6362-6DAD-4F91-ACA4-9A58CE3FBDF1}.Release|x86.Build.0 = Release|x86
		{920734B8-017F-4DB0-B496-204352916632}.Debug|x86.ActiveCfg = Debug|x86
		{920734B8-017F-4DB0-B496-204352916632}.Debug|x86.Build.0 = Debug|x86
		{920734B8-017F-4DB0-B496-204352916632}.Release|x86.ActiveCfg = Release|x86
		{920734B8-017F-4DB0-B496-204352916632}.Release|x86.Build.0 = Release|x86
	EndGlobalSection
	GlobalSection(SolutionProperties) = preSolution
		HideSolutionNode = FALSE
	EndGlobalSection
EndGlobal
